
Microsoft Visual Studio Solution File, Format Version 12.00
Project("{FAE04EC0-301F-11D3-BF4B-00C04F79EFBC}") = "ProjetoEstudoTDD", "ProjetoEstudoTDD\ProjetoEstudoTDD.csproj", "{9624B36E-C6EB-4D02-B29E-AF34E322506E}"
EndProject
Project("{FAE04EC0-301F-11D3-BF4B-00C04F79EFBC}") = "Domain", "Domain\Domain.csproj", "{E30B047D-88D8-407A-92B3-C2C66E8ABE53}"
EndProject
Global
	GlobalSection(SolutionConfigurationPlatforms) = preSolution
		Debug|Any CPU = Debug|Any CPU
		Release|Any CPU = Release|Any CPU
	EndGlobalSection
	GlobalSection(ProjectConfigurationPlatforms) = postSolution
		{9624B36E-C6EB-4D02-B29E-AF34E322506E}.Debug|Any CPU.ActiveCfg = Debug|Any CPU
		{9624B36E-C6EB-4D02-B29E-AF34E322506E}.Debug|Any CPU.Build.0 = Debug|Any CPU
		{9624B36E-C6EB-4D02-B29E-AF34E322506E}.Release|Any CPU.ActiveCfg = Release|Any CPU
		{9624B36E-C6EB-4D02-B29E-AF34E322506E}.Release|Any CPU.Build.0 = Release|Any CPU
		{E30B047D-88D8-407A-92B3-C2C66E8ABE53}.Debug|Any CPU.ActiveCfg = Debug|Any CPU
		{E30B047D-88D8-407A-92B3-C2C66E8ABE53}.Debug|Any CPU.Build.0 = Debug|Any CPU
		{E30B047D-88D8-407A-92B3-C2C66E8ABE53}.Release|Any CPU.ActiveCfg = Release|Any CPU
		{E30B047D-88D8-407A-92B3-C2C66E8ABE53}.Release|Any CPU.Build.0 = Release|Any CPU
	EndGlobalSection
EndGlobal
